---
ID: "e2550403-facf-41c0-ab9e-e6bfbbba22d7"
Parent: "131cef84-a0a1-4c27-864e-f3992c26df9e"
Template: "f3e6da4e-5d19-49b8-9737-2ee2e9067757"
Path: /sitecore/content/OneWeb/Farnam/Data/Hero Banner/NoFlyZone/Block
Languages:
- Language: en
  Versions:
  - Version: 1
    Fields:
    - ID: "055a2c41-4d44-4441-b589-b86f39cc64e5"
      Hint: HeroBannerContent
      Value: 
    - ID: "25bed78c-4957-4165-998a-ca1b52f67497"
      Hint: __Created
      Value: 20220804T075742Z
    - ID: "2b413044-4890-48c9-a955-78565193a0b8"
      Hint: HeroBannerDescription
      Value: |
        <h2>Create an actual physical barrier to keep flies and pests off the horse&rsquo;s face and ears.</h2>
        <p>The most effective way to keep them off the face is to block them completely. A good fly mask protects against dust, dirt and debris. Horses recovering from an eye injury will especially benefit from wearing a mask.</p>
    - ID: "2f396e45-5464-485c-a98c-091f8848fb6a"
      Hint: HeroImageDesktop
      Value: |
        <image mediaid="{460C63C5-9C99-4E6B-858C-27B67C85D884}" />
    - ID: "50f31584-caa5-47ca-98cd-6115eba9fac8"
      Hint: HeroContentImage
      Value: |
        <image mediaid="{7ECDCA7E-7B38-4DAF-9A07-F23EEBB31174}" />
    - ID: "8cdc337e-a112-42fb-bbb4-4143751e123f"
      Hint: __Revision
      Value: "e3cb9645-2913-41e2-b660-68f12c872130"
    - ID: "badd9cf9-53e0-4d0c-bcc0-2d784c282f6a"
      Hint: __Updated by
      Value: |
        sitecore\Admin
    - ID: "d9cf14b1-fa16-4ba6-9288-e8a174d4d522"
      Hint: __Updated
      Value: 20220816T110446Z
